<?xml version="1.0" encoding="utf-8"?>
<Project ToolsVersion="4.0" xmlns="http://schemas.microsoft.com/developer/msbuild/2003">
  <ItemGroup>
    <Filter Include="Source Files">
      <UniqueIdentifier>{4FC737F1-C7A5-4376-A066-2A32D752A2FF}</UniqueIdentifier>
      <Extensions>cpp;c;cc;cxx;def;odl;idl;hpj;bat;asm;asmx</Extensions>
    </Filter>
    <Filter Include="Header Files">
      <UniqueIdentifier>{93995380-89BD-4b04-88EB-625FBE52EBFB}</UniqueIdentifier>
      <Extensions>h;hh;hpp;hxx;hm;inl;inc;xsd</Extensions>
    </Filter>
    <Filter Include="Resource Files">
      <UniqueIdentifier>{67DA6AB6-F800-4c08-8B7A-83BB121AAD01}</UniqueIdentifier>
      <Extensions>rc;ico;cur;bmp;dlg;rc2;rct;bin;rgs;gif;jpg;jpeg;jpe;resx;tiff;tif;png;wav;mfcribbon-ms</Extensions>
    </Filter>
  </ItemGroup>
  <ItemGroup>
    <ClCompile Include="dev\ATADriver.cpp">
      <Filter>Source Files</Filter>
    </ClCompile>
    <ClCompile Include="dev\BlockDevice.cpp">
      <Filter>Source Files</Filter>
    </ClCompile>
    <ClCompile Include="dev\BufferManager.cpp">
      <Filter>Source Files</Filter>
    </ClCompile>
    <ClCompile Include="dev\DeviceManager.cpp">
      <Filter>Source Files</Filter>
    </ClCompile>
    <ClCompile Include="dev\DMA.cpp">
      <Filter>Source Files</Filter>
    </ClCompile>
    <ClCompile Include="fs\File.cpp">
      <Filter>Source Files</Filter>
    </ClCompile>
    <ClCompile Include="fs\FileManager.cpp">
      <Filter>Source Files</Filter>
    </ClCompile>
    <ClCompile Include="fs\FileSystem.cpp">
      <Filter>Source Files</Filter>
    </ClCompile>
    <ClCompile Include="fs\INode.cpp">
      <Filter>Source Files</Filter>
    </ClCompile>
    <ClCompile Include="fs\OpenFileManager.cpp">
      <Filter>Source Files</Filter>
    </ClCompile>
    <ClCompile Include="interrupt\DiskInterrupt.cpp">
      <Filter>Source Files</Filter>
    </ClCompile>
    <ClCompile Include="interrupt\Exception.cpp">
      <Filter>Source Files</Filter>
    </ClCompile>
    <ClCompile Include="interrupt\KeyboardInterrupt.cpp">
      <Filter>Source Files</Filter>
    </ClCompile>
    <ClCompile Include="interrupt\SystemCall.cpp">
      <Filter>Source Files</Filter>
    </ClCompile>
    <ClCompile Include="interrupt\TimeInterrupt.cpp">
      <Filter>Source Files</Filter>
    </ClCompile>
    <ClCompile Include="kernel\Utility.cpp">
      <Filter>Source Files</Filter>
    </ClCompile>
    <ClCompile Include="kernel\Video.cpp">
      <Filter>Source Files</Filter>
    </ClCompile>
    <ClCompile Include="lib\src\double.c">
      <Filter>Source Files</Filter>
    </ClCompile>
    <ClCompile Include="lib\src\file.c">
      <Filter>Source Files</Filter>
    </ClCompile>
    <ClCompile Include="lib\src\float.c">
      <Filter>Source Files</Filter>
    </ClCompile>
    <ClCompile Include="lib\src\malloc.c">
      <Filter>Source Files</Filter>
    </ClCompile>
    <ClCompile Include="lib\src\print_parse.c">
      <Filter>Source Files</Filter>
    </ClCompile>
    <ClCompile Include="lib\src\sprintf.c">
      <Filter>Source Files</Filter>
    </ClCompile>
    <ClCompile Include="lib\src\stdio.c">
      <Filter>Source Files</Filter>
    </ClCompile>
    <ClCompile Include="lib\src\stdlib.c">
      <Filter>Source Files</Filter>
    </ClCompile>
    <ClCompile Include="lib\src\string.c">
      <Filter>Source Files</Filter>
    </ClCompile>
    <ClCompile Include="lib\src\sys.c">
      <Filter>Source Files</Filter>
    </ClCompile>
    <ClCompile Include="lib\src\time.c">
      <Filter>Source Files</Filter>
    </ClCompile>
    <ClCompile Include="machine\Chip8253.cpp">
      <Filter>Source Files</Filter>
    </ClCompile>
    <ClCompile Include="machine\Chip8259A.cpp">
      <Filter>Source Files</Filter>
    </ClCompile>
    <ClCompile Include="machine\CMOSTime.cpp">
      <Filter>Source Files</Filter>
    </ClCompile>
    <ClCompile Include="machine\GDT.cpp">
      <Filter>Source Files</Filter>
    </ClCompile>
    <ClCompile Include="machine\IDT.cpp">
      <Filter>Source Files</Filter>
    </ClCompile>
    <ClCompile Include="machine\PageDirectory.cpp">
      <Filter>Source Files</Filter>
    </ClCompile>
    <ClCompile Include="machine\TaskStateSegment.cpp">
      <Filter>Source Files</Filter>
    </ClCompile>
    <ClCompile Include="mm\Allocator.cpp">
      <Filter>Source Files</Filter>
    </ClCompile>
    <ClCompile Include="mm\KernelAllocator.cpp">
      <Filter>Source Files</Filter>
    </ClCompile>
    <ClCompile Include="mm\New.cpp">
      <Filter>Source Files</Filter>
    </ClCompile>
    <ClCompile Include="mm\PageManager.cpp">
      <Filter>Source Files</Filter>
    </ClCompile>
    <ClCompile Include="mm\SwapperManager.cpp">
      <Filter>Source Files</Filter>
    </ClCompile>
    <ClCompile Include="pe\PEParser.cpp">
      <Filter>Source Files</Filter>
    </ClCompile>
    <ClCompile Include="proc\MemoryDescriptor.cpp">
      <Filter>Source Files</Filter>
    </ClCompile>
    <ClCompile Include="proc\Process.cpp">
      <Filter>Source Files</Filter>
    </ClCompile>
    <ClCompile Include="proc\ProcessManager.cpp">
      <Filter>Source Files</Filter>
    </ClCompile>
    <ClCompile Include="proc\Text.cpp">
      <Filter>Source Files</Filter>
    </ClCompile>
    <ClCompile Include="proc\User.cpp">
      <Filter>Source Files</Filter>
    </ClCompile>
    <ClCompile Include="program\cat.c">
      <Filter>Source Files</Filter>
    </ClCompile>
    <ClCompile Include="program\copyfile.c">
      <Filter>Source Files</Filter>
    </ClCompile>
    <ClCompile Include="program\cp.c">
      <Filter>Source Files</Filter>
    </ClCompile>
    <ClCompile Include="program\date.c">
      <Filter>Source Files</Filter>
    </ClCompile>
    <ClCompile Include="program\echo.c">
      <Filter>Source Files</Filter>
    </ClCompile>
    <ClCompile Include="program\forks.c">
      <Filter>Source Files</Filter>
    </ClCompile>
    <ClCompile Include="program\ls.c">
      <Filter>Source Files</Filter>
    </ClCompile>
    <ClCompile Include="program\mkdir.c">
      <Filter>Source Files</Filter>
    </ClCompile>
    <ClCompile Include="program\mygetpid.c">
      <Filter>Source Files</Filter>
    </ClCompile>
    <ClCompile Include="program\performance.c">
      <Filter>Source Files</Filter>
    </ClCompile>
    <ClCompile Include="program\rm.c">
      <Filter>Source Files</Filter>
    </ClCompile>
    <ClCompile Include="program\shutdown.c">
      <Filter>Source Files</Filter>
    </ClCompile>
    <ClCompile Include="program\sig.c">
      <Filter>Source Files</Filter>
    </ClCompile>
    <ClCompile Include="program\test.c">
      <Filter>Source Files</Filter>
    </ClCompile>
    <ClCompile Include="program\trace.c">
      <Filter>Source Files</Filter>
    </ClCompile>
    <ClCompile Include="shell\CommandTree.c">
      <Filter>Source Files</Filter>
    </ClCompile>
    <ClCompile Include="shell\ExecuteCommand.c">
      <Filter>Source Files</Filter>
    </ClCompile>
    <ClCompile Include="shell\main.c">
      <Filter>Source Files</Filter>
    </ClCompile>
    <ClCompile Include="shell\PreExecute.c">
      <Filter>Source Files</Filter>
    </ClCompile>
    <ClCompile Include="test\dev\TestBufferManager.cpp">
      <Filter>Source Files</Filter>
    </ClCompile>
    <ClCompile Include="test\fs\TestFileSystem.cpp">
      <Filter>Source Files</Filter>
    </ClCompile>
    <ClCompile Include="test\lib\Lib.cpp">
      <Filter>Source Files</Filter>
    </ClCompile>
    <ClCompile Include="test\lib\TestLib.cpp">
      <Filter>Source Files</Filter>
    </ClCompile>
    <ClCompile Include="test\mm\TestAllocator.cpp">
      <Filter>Source Files</Filter>
    </ClCompile>
    <ClCompile Include="test\mm\TestNew.cpp">
      <Filter>Source Files</Filter>
    </ClCompile>
    <ClCompile Include="test\mm\TestPageManager.cpp">
      <Filter>Source Files</Filter>
    </ClCompile>
    <ClCompile Include="test\mm\TestSwapperManager.cpp">
      <Filter>Source Files</Filter>
    </ClCompile>
    <ClCompile Include="test\pe\TestPEParser.cpp">
      <Filter>Source Files</Filter>
    </ClCompile>
    <ClCompile Include="test\main.cpp">
      <Filter>Source Files</Filter>
    </ClCompile>
    <ClCompile Include="test\TestUtility.cpp">
      <Filter>Source Files</Filter>
    </ClCompile>
  </ItemGroup>
  <ItemGroup>
    <ClInclude Include="include\sys\param.h">
      <Filter>Header Files</Filter>
    </ClInclude>
    <ClInclude Include="include\sys\types.h">
      <Filter>Header Files</Filter>
    </ClInclude>
    <ClInclude Include="include\Allocator.h">
      <Filter>Header Files</Filter>
    </ClInclude>
    <ClInclude Include="include\Assembly.h">
      <Filter>Header Files</Filter>
    </ClInclude>
    <ClInclude Include="include\ATADriver.h">
      <Filter>Header Files</Filter>
    </ClInclude>
    <ClInclude Include="include\BlockDevice.h">
      <Filter>Header Files</Filter>
    </ClInclude>
    <ClInclude Include="include\Buf.h">
      <Filter>Header Files</Filter>
    </ClInclude>
    <ClInclude Include="include\BufferManager.h">
      <Filter>Header Files</Filter>
    </ClInclude>
    <ClInclude Include="include\CharDevice.h">
      <Filter>Header Files</Filter>
    </ClInclude>
    <ClInclude Include="include\Chip8253.h">
      <Filter>Header Files</Filter>
    </ClInclude>
    <ClInclude Include="include\Chip8259A.h">
      <Filter>Header Files</Filter>
    </ClInclude>
    <ClInclude Include="include\CMOSTime.h">
      <Filter>Header Files</Filter>
    </ClInclude>
    <ClInclude Include="include\CRT.h">
      <Filter>Header Files</Filter>
    </ClInclude>
    <ClInclude Include="include\DeviceManager.h">
      <Filter>Header Files</Filter>
    </ClInclude>
    <ClInclude Include="include\DiskInterrupt.h">
      <Filter>Header Files</Filter>
    </ClInclude>
    <ClInclude Include="include\DMA.h">
      <Filter>Header Files</Filter>
    </ClInclude>
    <ClInclude Include="include\Exception.h">
      <Filter>Header Files</Filter>
    </ClInclude>
    <ClInclude Include="include\File.h">
      <Filter>Header Files</Filter>
    </ClInclude>
    <ClInclude Include="include\FileManager.h">
      <Filter>Header Files</Filter>
    </ClInclude>
    <ClInclude Include="include\FileSystem.h">
      <Filter>Header Files</Filter>
    </ClInclude>
    <ClInclude Include="include\GDT.h">
      <Filter>Header Files</Filter>
    </ClInclude>
    <ClInclude Include="include\IDT.h">
      <Filter>Header Files</Filter>
    </ClInclude>
    <ClInclude Include="include\INode.h">
      <Filter>Header Files</Filter>
    </ClInclude>
    <ClInclude Include="include\IOPort.h">
      <Filter>Header Files</Filter>
    </ClInclude>
    <ClInclude Include="include\Kernel.h">
      <Filter>Header Files</Filter>
    </ClInclude>
    <ClInclude Include="include\KernelAllocator.h">
      <Filter>Header Files</Filter>
    </ClInclude>
    <ClInclude Include="include\Keyboard.h">
      <Filter>Header Files</Filter>
    </ClInclude>
    <ClInclude Include="include\KeyboardInterrupt.h">
      <Filter>Header Files</Filter>
    </ClInclude>
    <ClInclude Include="include\Machine.h">
      <Filter>Header Files</Filter>
    </ClInclude>
    <ClInclude Include="include\MapNode.h">
      <Filter>Header Files</Filter>
    </ClInclude>
    <ClInclude Include="include\MemoryDescriptor.h">
      <Filter>Header Files</Filter>
    </ClInclude>
    <ClInclude Include="include\New.h">
      <Filter>Header Files</Filter>
    </ClInclude>
    <ClInclude Include="include\OpenFileManager.h">
      <Filter>Header Files</Filter>
    </ClInclude>
    <ClInclude Include="include\PageDirectory.h">
      <Filter>Header Files</Filter>
    </ClInclude>
    <ClInclude Include="include\PageManager.h">
      <Filter>Header Files</Filter>
    </ClInclude>
    <ClInclude Include="include\PageTable.h">
      <Filter>Header Files</Filter>
    </ClInclude>
    <ClInclude Include="include\PEParser.h">
      <Filter>Header Files</Filter>
    </ClInclude>
    <ClInclude Include="include\Process.h">
      <Filter>Header Files</Filter>
    </ClInclude>
    <ClInclude Include="include\ProcessManager.h">
      <Filter>Header Files</Filter>
    </ClInclude>
    <ClInclude Include="include\Regs.h">
      <Filter>Header Files</Filter>
    </ClInclude>
    <ClInclude Include="include\Simple.h">
      <Filter>Header Files</Filter>
    </ClInclude>
    <ClInclude Include="include\SwapperManager.h">
      <Filter>Header Files</Filter>
    </ClInclude>
    <ClInclude Include="include\SystemCall.h">
      <Filter>Header Files</Filter>
    </ClInclude>
    <ClInclude Include="include\TaskStateSegment.h">
      <Filter>Header Files</Filter>
    </ClInclude>
    <ClInclude Include="include\Text.h">
      <Filter>Header Files</Filter>
    </ClInclude>
    <ClInclude Include="include\TimeInterrupt.h">
      <Filter>Header Files</Filter>
    </ClInclude>
    <ClInclude Include="include\TTy.h">
      <Filter>Header Files</Filter>
    </ClInclude>
    <ClInclude Include="include\User.h">
      <Filter>Header Files</Filter>
    </ClInclude>
    <ClInclude Include="include\Utility.h">
      <Filter>Header Files</Filter>
    </ClInclude>
    <ClInclude Include="include\Video.h">
      <Filter>Header Files</Filter>
    </ClInclude>
    <ClInclude Include="lib\include\file.h">
      <Filter>Header Files</Filter>
    </ClInclude>
    <ClInclude Include="lib\include\malloc.h">
      <Filter>Header Files</Filter>
    </ClInclude>
    <ClInclude Include="lib\include\stdio.h">
      <Filter>Header Files</Filter>
    </ClInclude>
    <ClInclude Include="lib\include\stdlib.h">
      <Filter>Header Files</Filter>
    </ClInclude>
    <ClInclude Include="lib\include\string.h">
      <Filter>Header Files</Filter>
    </ClInclude>
    <ClInclude Include="lib\include\sys.h">
      <Filter>Header Files</Filter>
    </ClInclude>
    <ClInclude Include="lib\include\time.h">
      <Filter>Header Files</Filter>
    </ClInclude>
    <ClInclude Include="lib\src\ctype.h">
      <Filter>Header Files</Filter>
    </ClInclude>
    <ClInclude Include="lib\src\double.h">
      <Filter>Header Files</Filter>
    </ClInclude>
    <ClInclude Include="lib\src\float.h">
      <Filter>Header Files</Filter>
    </ClInclude>
    <ClInclude Include="lib\src\print_parse.h">
      <Filter>Header Files</Filter>
    </ClInclude>
    <ClInclude Include="lib\src\valist.h">
      <Filter>Header Files</Filter>
    </ClInclude>
    <ClInclude Include="program\GetOptAndPath.h">
      <Filter>Header Files</Filter>
    </ClInclude>
    <ClInclude Include="shell\CommandTree.h">
      <Filter>Header Files</Filter>
    </ClInclude>
    <ClInclude Include="shell\ExecuteCommand.h">
      <Filter>Header Files</Filter>
    </ClInclude>
    <ClInclude Include="shell\globe.h">
      <Filter>Header Files</Filter>
    </ClInclude>
    <ClInclude Include="shell\PreExecute.h">
      <Filter>Header Files</Filter>
    </ClInclude>
    <ClInclude Include="test\dev\TestBufferManager.h">
      <Filter>Header Files</Filter>
    </ClInclude>
    <ClInclude Include="test\fs\TestFileSystem.h">
      <Filter>Header Files</Filter>
    </ClInclude>
    <ClInclude Include="test\lib\Lib.h">
      <Filter>Header Files</Filter>
    </ClInclude>
    <ClInclude Include="test\lib\TestLib.h">
      <Filter>Header Files</Filter>
    </ClInclude>
    <ClInclude Include="test\mm\TestAllocator.h">
      <Filter>Header Files</Filter>
    </ClInclude>
    <ClInclude Include="test\mm\TestNew.h">
      <Filter>Header Files</Filter>
    </ClInclude>
    <ClInclude Include="test\mm\TestPageManager.h">
      <Filter>Header Files</Filter>
    </ClInclude>
    <ClInclude Include="test\mm\TestSwapperManager.h">
      <Filter>Header Files</Filter>
    </ClInclude>
    <ClInclude Include="test\pe\TestPEParser.h">
      <Filter>Header Files</Filter>
    </ClInclude>
    <ClInclude Include="test\KernelInclude.h">
      <Filter>Header Files</Filter>
    </ClInclude>
    <ClInclude Include="test\TestInclude.h">
      <Filter>Header Files</Filter>
    </ClInclude>
    <ClInclude Include="test\TestUtility.h">
      <Filter>Header Files</Filter>
    </ClInclude>
  </ItemGroup>
</Project>